schema: '2.0'
stages:
  validate_raw:
    cmd: uv run python -m src.pipeline.stage_01_data_validation
    deps:
    - path: artifacts/data_ingestion/WA_Fn-UseC_-Telco-Customer-Churn.csv
      hash: md5
      md5: 0f9de68e012bd3aed5fa7cdc9fc421af
      size: 977501
    - path: config/config.yaml
      hash: md5
      md5: 4807ab1d46a050eaa4030d257f601e9c
      size: 790
    - path: config/schema.yaml
      hash: md5
      md5: 1f2cd8f0f11979b03eb929101b165847
      size: 1171
    - path: src/components/data_validation.py
      hash: md5
      md5: 8cc8b922b8abed2f9df81f0e0894c706
      size: 8451
    - path: src/config/configuration.py
      hash: md5
      md5: b780e55ef7a5bba685c1d4cceada28af
      size: 5965
    - path: src/pipeline/stage_01_data_validation.py
      hash: md5
      md5: 63ba1df830635257e756bca209bb2f9a
      size: 2502
    - path: src/utils/exceptions.py
      hash: md5
      md5: 6447649895965ed55781c1fb06b45bd1
      size: 4943
    - path: src/utils/logger.py
      hash: md5
      md5: a3468f405db0c76ac7be17d42e705289
      size: 3005
    outs:
    - path: artifacts/data_validation/status.txt
      hash: md5
      md5: 514150676227c344010ebb1b04a807bf
      size: 23
    - path: artifacts/data_validation/validation_report.json
      hash: md5
      md5: 9489a8cb6b12adbf5d8bed3b12b68417
      size: 8409
  enrich_data:
    cmd: uv run python -m src.pipeline.stage_02_data_enrichment
    deps:
    - path: artifacts/data_ingestion/WA_Fn-UseC_-Telco-Customer-Churn.csv
      hash: md5
      md5: 0f9de68e012bd3aed5fa7cdc9fc421af
      size: 977501
    - path: config/config.yaml
      hash: md5
      md5: 7d4bf7170d90ed35ad16de75c0852566
      size: 1633
    - path: config/params.yaml
      hash: md5
      md5: 169b64dabde353ebfa8cb5f0e4a093bb
      size: 1043
    - path: src/components/data_enrichment/generator.py
      hash: md5
      md5: 04629f31af9497de50fc34ef9ea47ef5
      size: 12149
    - path: src/components/data_enrichment/orchestrator.py
      hash: md5
      md5: 14be20974b1efffe878f2e45162f2ad7
      size: 8469
    - path: src/components/data_enrichment/prompts.py
      hash: md5
      md5: c16fec41f690f2d214ef5de838a1704c
      size: 3481
    - path: src/components/data_enrichment/schemas.py
      hash: md5
      md5: 172567db19a5b0f1287e1e8b47d60f65
      size: 5190
    - path: src/config/configuration.py
      hash: md5
      md5: bd30745c51b6009b6801ec5bbe5bc24f
      size: 8998
    - path: src/pipeline/stage_02_data_enrichment.py
      hash: md5
      md5: df72fb8674ffaa4d4bed31b9324a236a
      size: 1748
    - path: src/utils/logger.py
      hash: md5
      md5: a3468f405db0c76ac7be17d42e705289
      size: 3005
    outs:
    - path: artifacts/data_enrichment/enriched_telco_churn.csv
      hash: md5
      md5: bb18ce70c00f02bbd20034a2671efcaa
      size: 2076995
  validate_enriched:
    cmd: uv run python -m src.pipeline.stage_03_enriched_validation
    deps:
    - path: artifacts/data_enrichment/enriched_telco_churn.csv
      hash: md5
      md5: bb18ce70c00f02bbd20034a2671efcaa
      size: 2076995
    - path: config/config.yaml
      hash: md5
      md5: 7d4bf7170d90ed35ad16de75c0852566
      size: 1633
    - path: src/components/data_validation.py
      hash: md5
      md5: a818d17f2389df1dd37409bcdfcd6a43
      size: 8719
    - path: src/config/configuration.py
      hash: md5
      md5: bd30745c51b6009b6801ec5bbe5bc24f
      size: 8998
    - path: src/pipeline/stage_03_enriched_validation.py
      hash: md5
      md5: b35cc24f23170836e3d30699b15167f4
      size: 2627
    - path: src/utils/logger.py
      hash: md5
      md5: a3468f405db0c76ac7be17d42e705289
      size: 3005
    outs:
    - path: artifacts/data_enrichment/status.txt
      hash: md5
      md5: 514150676227c344010ebb1b04a807bf
      size: 23
    - path: artifacts/data_enrichment/validation_report.json
      hash: md5
      md5: 75d01a83ae96a51c0a5885d334576dc3
      size: 7336
  data_ingestion:
    cmd: uv run python -m src.pipeline.stage_00_data_ingestion
    deps:
    - path: config/config.yaml
      hash: md5
      md5: 7d4bf7170d90ed35ad16de75c0852566
      size: 1633
    - path: data/raw/WA_Fn-UseC_-Telco-Customer-Churn.csv
      hash: md5
      md5: 0f9de68e012bd3aed5fa7cdc9fc421af
      size: 977501
    - path: src/components/data_ingestion.py
      hash: md5
      md5: 0d0b98e78c7c22ae904fd60951121556
      size: 3429
    - path: src/pipeline/stage_00_data_ingestion.py
      hash: md5
      md5: be1d255fb034a95ff4a0ef3884d61d43
      size: 977
    outs:
    - path: artifacts/data_ingestion/WA_Fn-UseC_-Telco-Customer-Churn.csv
      hash: md5
      md5: 0f9de68e012bd3aed5fa7cdc9fc421af
      size: 977501
  feature_engineering:
    cmd: uv run python -m src.pipeline.stage_04_feature_engineering
    deps:
    - path: artifacts/data_enrichment/enriched_telco_churn.csv
      hash: md5
      md5: bb18ce70c00f02bbd20034a2671efcaa
      size: 2076995
    - path: config/config.yaml
      hash: md5
      md5: 7d4bf7170d90ed35ad16de75c0852566
      size: 1633
    - path: config/params.yaml
      hash: md5
      md5: 169b64dabde353ebfa8cb5f0e4a093bb
      size: 1043
    - path: src/components/feature_engineering.py
      hash: md5
      md5: 9a63350bc725fde32ec0e491906cf2e4
      size: 11924
    - path: src/config/configuration.py
      hash: md5
      md5: bd30745c51b6009b6801ec5bbe5bc24f
      size: 8998
    - path: src/pipeline/stage_04_feature_engineering.py
      hash: md5
      md5: 04ed4d31765dcbaf7caccc5758a720f9
      size: 1341
    - path: src/utils/feature_utils.py
      hash: md5
      md5: e9984dd0e64bd90304a4854d11afee4b
      size: 4921
    - path: src/utils/logger.py
      hash: md5
      md5: a3468f405db0c76ac7be17d42e705289
      size: 3005
    outs:
    - path: artifacts/feature_engineering/nlp_preprocessor.pkl
      hash: md5
      md5: 12b37f241b6ec0661f53a10bc15cc256
      size: 39200
    - path: artifacts/feature_engineering/structured_preprocessor.pkl
      hash: md5
      md5: 7c0e20082ea030e27a5ab557ad672b04
      size: 8541
    - path: artifacts/feature_engineering/test_features.csv
      hash: md5
      md5: 74bc4d38f3f84ccd0d73c55b23c1818b
      size: 514142
    - path: artifacts/feature_engineering/train_features.csv
      hash: md5
      md5: 300bcd7ff5056979dabc2ff63ce622b0
      size: 2391447
    - path: artifacts/feature_engineering/val_features.csv
      hash: md5
      md5: 8a1716159556ea972213bd6e990593b4
      size: 513914
  train_model:
    cmd: uv run python -m src.pipeline.stage_05_model_training
    deps:
    - path: artifacts/feature_engineering/nlp_preprocessor.pkl
      hash: md5
      md5: 12b37f241b6ec0661f53a10bc15cc256
      size: 39200
    - path: artifacts/feature_engineering/structured_preprocessor.pkl
      hash: md5
      md5: 7c0e20082ea030e27a5ab557ad672b04
      size: 8541
    - path: artifacts/feature_engineering/test_features.csv
      hash: md5
      md5: 74bc4d38f3f84ccd0d73c55b23c1818b
      size: 514142
    - path: artifacts/feature_engineering/train_features.csv
      hash: md5
      md5: 300bcd7ff5056979dabc2ff63ce622b0
      size: 2391447
    - path: artifacts/feature_engineering/val_features.csv
      hash: md5
      md5: 8a1716159556ea972213bd6e990593b4
      size: 513914
    - path: config/config.yaml
      hash: md5
      md5: 7d4bf7170d90ed35ad16de75c0852566
      size: 1633
    - path: config/params.yaml
      hash: md5
      md5: 169b64dabde353ebfa8cb5f0e4a093bb
      size: 1043
    - path: src/components/model_training/evaluator.py
      hash: md5
      md5: 5dc5ca41742253e7f0cf059ee0f59af4
      size: 13566
    - path: src/components/model_training/trainer.py
      hash: md5
      md5: 3b8228ab2c9b887c7bc59322871e5eed
      size: 14826
    - path: src/config/configuration.py
      hash: md5
      md5: bd30745c51b6009b6801ec5bbe5bc24f
      size: 8998
    - path: src/pipeline/stage_05_model_training.py
      hash: md5
      md5: e781e68ccd59c1a6dc27af55a2fba9a7
      size: 2333
    - path: src/utils/logger.py
      hash: md5
      md5: a3468f405db0c76ac7be17d42e705289
      size: 3005
    outs:
    - path: artifacts/model_training/evaluation_report.json
      hash: md5
      md5: c70cce7537cc09deb14bb7c06a15d9a2
      size: 973
    - path: artifacts/model_training/meta_model.pkl
      hash: md5
      md5: 27a4f2ad50115729bac42ad18b26ff70
      size: 879
    - path: artifacts/model_training/nlp_model.pkl
      hash: md5
      md5: 0d0d357fbefe71fde0d34580c8545cb8
      size: 243341
    - path: artifacts/model_training/structured_model.pkl
      hash: md5
      md5: 9f4527311f28fcf445addc50efcd9aec
      size: 183777
