schema: '2.0'
stages:
  validate_raw:
    cmd: uv run python -m src.pipeline.stage_01_data_validation
    deps:
    - path: artifacts/data_ingestion/WA_Fn-UseC_-Telco-Customer-Churn.csv
      hash: md5
      md5: 0f9de68e012bd3aed5fa7cdc9fc421af
      size: 977501
    - path: config/config.yaml
      hash: md5
      md5: 4807ab1d46a050eaa4030d257f601e9c
      size: 790
    - path: config/schema.yaml
      hash: md5
      md5: 1f2cd8f0f11979b03eb929101b165847
      size: 1171
    - path: src/components/data_validation.py
      hash: md5
      md5: 8cc8b922b8abed2f9df81f0e0894c706
      size: 8451
    - path: src/config/configuration.py
      hash: md5
      md5: b780e55ef7a5bba685c1d4cceada28af
      size: 5965
    - path: src/pipeline/stage_01_data_validation.py
      hash: md5
      md5: 63ba1df830635257e756bca209bb2f9a
      size: 2502
    - path: src/utils/exceptions.py
      hash: md5
      md5: 6447649895965ed55781c1fb06b45bd1
      size: 4943
    - path: src/utils/logger.py
      hash: md5
      md5: a3468f405db0c76ac7be17d42e705289
      size: 3005
    outs:
    - path: artifacts/data_validation/status.txt
      hash: md5
      md5: 514150676227c344010ebb1b04a807bf
      size: 23
    - path: artifacts/data_validation/validation_report.json
      hash: md5
      md5: 9489a8cb6b12adbf5d8bed3b12b68417
      size: 8409
  enrich_data:
    cmd: uv run python -m src.pipeline.stage_02_data_enrichment
    deps:
    - path: config/config.yaml
      hash: md5
      md5: 4807ab1d46a050eaa4030d257f601e9c
      size: 790
    - path: config/params.yaml
      hash: md5
      md5: ed9f836af52bb08b639a49bf54b6fe07
      size: 605
    - path: data/raw/WA_Fn-UseC_-Telco-Customer-Churn.csv
      hash: md5
      md5: 0f9de68e012bd3aed5fa7cdc9fc421af
      size: 977501
    - path: src/components/data_enrichment/generator.py
      hash: md5
      md5: 9e8ae0b424827e969084d3c7ebc00575
      size: 7330
    - path: src/components/data_enrichment/orchestrator.py
      hash: md5
      md5: ee7955461e9ae12751a574af64286b89
      size: 6645
    - path: src/components/data_enrichment/prompts.py
      hash: md5
      md5: 7469670d9784c7d5ad0be0d659b023d8
      size: 2479
    - path: src/components/data_enrichment/schemas.py
      hash: md5
      md5: 7fbd90701cd4d164d33d2865a6c41f22
      size: 1834
    - path: src/config/configuration.py
      hash: md5
      md5: b780e55ef7a5bba685c1d4cceada28af
      size: 5965
    - path: src/pipeline/stage_02_data_enrichment.py
      hash: md5
      md5: df72fb8674ffaa4d4bed31b9324a236a
      size: 1748
    - path: src/utils/logger.py
      hash: md5
      md5: a3468f405db0c76ac7be17d42e705289
      size: 3005
    outs:
    - path: artifacts/data_enrichment/enriched_telco_churn.csv
      hash: md5
      md5: f24a69d3913d320689aa8e242edf8fe6
      size: 1721641
  validate_enriched:
    cmd: uv run python -m src.pipeline.stage_03_enriched_validation
    deps:
    - path: artifacts/data_enrichment/enriched_telco_churn.csv
      hash: md5
      md5: f24a69d3913d320689aa8e242edf8fe6
      size: 1721641
    - path: config/config.yaml
      hash: md5
      md5: a2debd3ee76c544adb3ff65c207b243b
      size: 774
    - path: src/components/data_validation.py
      hash: md5
      md5: 8cc8b922b8abed2f9df81f0e0894c706
      size: 8451
    - path: src/config/configuration.py
      hash: md5
      md5: b780e55ef7a5bba685c1d4cceada28af
      size: 5965
    - path: src/pipeline/stage_03_enriched_validation.py
      hash: md5
      md5: b35cc24f23170836e3d30699b15167f4
      size: 2627
    - path: src/utils/logger.py
      hash: md5
      md5: a3468f405db0c76ac7be17d42e705289
      size: 3005
    outs:
    - path: artifacts/data_enrichment/status.txt
      hash: md5
      md5: 514150676227c344010ebb1b04a807bf
      size: 23
    - path: artifacts/data_enrichment/validation_report.json
      hash: md5
      md5: 54cab9a77a1ac7df55496b615e6c6cae
      size: 8098
  data_ingestion:
    cmd: uv run python -m src.pipeline.stage_00_data_ingestion
    deps:
    - path: config/config.yaml
      hash: md5
      md5: 4807ab1d46a050eaa4030d257f601e9c
      size: 790
    - path: data/raw/WA_Fn-UseC_-Telco-Customer-Churn.csv
      hash: md5
      md5: 0f9de68e012bd3aed5fa7cdc9fc421af
      size: 977501
    - path: src/components/data_ingestion.py
      hash: md5
      md5: 510e60599cf19c5787b14b8a871e92da
      size: 2697
    - path: src/pipeline/stage_00_data_ingestion.py
      hash: md5
      md5: be1d255fb034a95ff4a0ef3884d61d43
      size: 977
    outs:
    - path: artifacts/data_ingestion/WA_Fn-UseC_-Telco-Customer-Churn.csv
      hash: md5
      md5: 0f9de68e012bd3aed5fa7cdc9fc421af
      size: 977501
